// !$*UTF8*$!
{
	archiveVersion = 1;
	classes = {
	};
	objectVersion = 51;
	objects = {

/* Begin PBXBuildFile section */
		4350205F79C08573FACE81DA /* Pods_Messenger.framework in Frameworks */ = {isa = PBXBuildFile; fileRef = F62AFAF3D6480CCF8B9E1D01 /* Pods_Messenger.framework */; };
		D025844E26C3971200150352 /* MessageTVC.swift in Sources */ = {isa = PBXBuildFile; fileRef = D025844C26C3971200150352 /* MessageTVC.swift */; };
		D025844F26C3971200150352 /* MessageTVC.xib in Resources */ = {isa = PBXBuildFile; fileRef = D025844D26C3971200150352 /* MessageTVC.xib */; };
		D025845426C3E7BA00150352 /* PhotoTVC.swift in Sources */ = {isa = PBXBuildFile; fileRef = D025845226C3E7BA00150352 /* PhotoTVC.swift */; };
		D025845526C3E7BA00150352 /* PhotoTVC.xib in Resources */ = {isa = PBXBuildFile; fileRef = D025845326C3E7BA00150352 /* PhotoTVC.xib */; };
		D025845726C3FFB400150352 /* FileTVC.swift in Sources */ = {isa = PBXBuildFile; fileRef = D025845626C3FFB400150352 /* FileTVC.swift */; };
		D025845926C3FFC600150352 /* FileTVC.xib in Resources */ = {isa = PBXBuildFile; fileRef = D025845826C3FFC600150352 /* FileTVC.xib */; };
		D02EAA4426CBCABF00CCD490 /* AudioTVC.xib in Resources */ = {isa = PBXBuildFile; fileRef = D02EAA4226CBCABE00CCD490 /* AudioTVC.xib */; };
		D02EAA4526CBCABF00CCD490 /* AudioTVC.swift in Sources */ = {isa = PBXBuildFile; fileRef = D02EAA4326CBCABF00CCD490 /* AudioTVC.swift */; };
		D02EAA4726CBCBA800CCD490 /* PulseButton.swift in Sources */ = {isa = PBXBuildFile; fileRef = D02EAA4626CBCBA800CCD490 /* PulseButton.swift */; };
		D0386C2F26D7712C0050943B /* MessageData.swift in Sources */ = {isa = PBXBuildFile; fileRef = D0386C2E26D7712C0050943B /* MessageData.swift */; };
		D04D94FE26DE05D9000E88CB /* MessagePageDM.swift in Sources */ = {isa = PBXBuildFile; fileRef = D04D94FD26DE05D9000E88CB /* MessagePageDM.swift */; };
		D04D950226E5FFB1000E88CB /* MyRealm.swift in Sources */ = {isa = PBXBuildFile; fileRef = D04D950126E5FFB1000E88CB /* MyRealm.swift */; };
		D058B0F026DD03CF0049EE1C /* ChatPageDM.swift in Sources */ = {isa = PBXBuildFile; fileRef = D058B0EF26DD03CF0049EE1C /* ChatPageDM.swift */; };
		D05E466226CB87BD00C98D5B /* TimerView.swift in Sources */ = {isa = PBXBuildFile; fileRef = D05E466126CB87BD00C98D5B /* TimerView.swift */; };
		D05E466B26CBA40900C98D5B /* DocumentVC.swift in Sources */ = {isa = PBXBuildFile; fileRef = D05E466926CBA40900C98D5B /* DocumentVC.swift */; };
		D05E466C26CBA40900C98D5B /* DocumentVC.xib in Resources */ = {isa = PBXBuildFile; fileRef = D05E466A26CBA40900C98D5B /* DocumentVC.xib */; };
		D05E466E26CBC3B200C98D5B /* Extensions.swift in Sources */ = {isa = PBXBuildFile; fileRef = D05E466D26CBC3B200C98D5B /* Extensions.swift */; };
		D088F17D26DCB205008ADAFD /* ChatListVC.swift in Sources */ = {isa = PBXBuildFile; fileRef = D088F17B26DCB205008ADAFD /* ChatListVC.swift */; };
		D088F17E26DCB205008ADAFD /* ChatListVC.xib in Resources */ = {isa = PBXBuildFile; fileRef = D088F17C26DCB205008ADAFD /* ChatListVC.xib */; };
		D088F18126DCB318008ADAFD /* ChatListTVC.swift in Sources */ = {isa = PBXBuildFile; fileRef = D088F17F26DCB318008ADAFD /* ChatListTVC.swift */; };
		D088F18226DCB318008ADAFD /* ChatListTVC.xib in Resources */ = {isa = PBXBuildFile; fileRef = D088F18026DCB318008ADAFD /* ChatListTVC.xib */; };
		D088F18426DCF648008ADAFD /* Network.swift in Sources */ = {isa = PBXBuildFile; fileRef = D088F18326DCF648008ADAFD /* Network.swift */; };
		D088F18726DCF668008ADAFD /* Alert.swift in Sources */ = {isa = PBXBuildFile; fileRef = D088F18526DCF668008ADAFD /* Alert.swift */; };
		D088F18826DCF668008ADAFD /* Reachability.swift in Sources */ = {isa = PBXBuildFile; fileRef = D088F18626DCF668008ADAFD /* Reachability.swift */; };
		D088F18A26DCF74A008ADAFD /* Keys.swift in Sources */ = {isa = PBXBuildFile; fileRef = D088F18926DCF74A008ADAFD /* Keys.swift */; };
		D088F18C26DCF756008ADAFD /* AppData.swift in Sources */ = {isa = PBXBuildFile; fileRef = D088F18B26DCF756008ADAFD /* AppData.swift */; };
		D088F18E26DCF7A0008ADAFD /* Cache.swift in Sources */ = {isa = PBXBuildFile; fileRef = D088F18D26DCF7A0008ADAFD /* Cache.swift */; };
		D0A07CC126C7985500BB9463 /* ImagePresentVC.swift in Sources */ = {isa = PBXBuildFile; fileRef = D0A07CBF26C7985500BB9463 /* ImagePresentVC.swift */; };
		D0A07CC226C7985500BB9463 /* ImagePresentVC.xib in Resources */ = {isa = PBXBuildFile; fileRef = D0A07CC026C7985500BB9463 /* ImagePresentVC.xib */; };
		D0DC7E5526CCD1C10037F761 /* CloudKit.framework in Frameworks */ = {isa = PBXBuildFile; fileRef = D0DC7E5426CCD1C10037F761 /* CloudKit.framework */; };
		D0DC7E5726CCF5CD0037F761 /* RecordBtn.swift in Sources */ = {isa = PBXBuildFile; fileRef = D0DC7E5626CCF5CD0037F761 /* RecordBtn.swift */; };
		D0EAA96F26C26CD000256412 /* AppDelegate.swift in Sources */ = {isa = PBXBuildFile; fileRef = D0EAA96E26C26CD000256412 /* AppDelegate.swift */; };
		D0EAA97826C26CD800256412 /* Assets.xcassets in Resources */ = {isa = PBXBuildFile; fileRef = D0EAA97726C26CD800256412 /* Assets.xcassets */; };
		D0EAA97B26C26CD800256412 /* LaunchScreen.storyboard in Resources */ = {isa = PBXBuildFile; fileRef = D0EAA97926C26CD800256412 /* LaunchScreen.storyboard */; };
		D0EAA98426C270B000256412 /* MessagesVC.swift in Sources */ = {isa = PBXBuildFile; fileRef = D0EAA98226C270B000256412 /* MessagesVC.swift */; };
		D0EAA98526C270B000256412 /* MessagesVC.xib in Resources */ = {isa = PBXBuildFile; fileRef = D0EAA98326C270B000256412 /* MessagesVC.xib */; };
/* End PBXBuildFile section */

/* Begin PBXFileReference section */
		246F5EF44F8731F69B5CED55 /* Pods-Messenger.release.xcconfig */ = {isa = PBXFileReference; includeInIndex = 1; lastKnownFileType = text.xcconfig; name = "Pods-Messenger.release.xcconfig"; path = "Target Support Files/Pods-Messenger/Pods-Messenger.release.xcconfig"; sourceTree = "<group>"; };
		C83969AC0D508FC6E8BD31C1 /* Pods-Messenger.debug.xcconfig */ = {isa = PBXFileReference; includeInIndex = 1; lastKnownFileType = text.xcconfig; name = "Pods-Messenger.debug.xcconfig"; path = "Target Support Files/Pods-Messenger/Pods-Messenger.debug.xcconfig"; sourceTree = "<group>"; };
		D025844C26C3971200150352 /* MessageTVC.swift */ = {isa = PBXFileReference; lastKnownFileType = sourcecode.swift; path = MessageTVC.swift; sourceTree = "<group>"; };
		D025844D26C3971200150352 /* MessageTVC.xib */ = {isa = PBXFileReference; lastKnownFileType = file.xib; path = MessageTVC.xib; sourceTree = "<group>"; };
		D025845226C3E7BA00150352 /* PhotoTVC.swift */ = {isa = PBXFileReference; lastKnownFileType = sourcecode.swift; path = PhotoTVC.swift; sourceTree = "<group>"; };
		D025845326C3E7BA00150352 /* PhotoTVC.xib */ = {isa = PBXFileReference; lastKnownFileType = file.xib; path = PhotoTVC.xib; sourceTree = "<group>"; };
		D025845626C3FFB400150352 /* FileTVC.swift */ = {isa = PBXFileReference; fileEncoding = 4; lastKnownFileType = sourcecode.swift; path = FileTVC.swift; sourceTree = "<group>"; };
		D025845826C3FFC600150352 /* FileTVC.xib */ = {isa = PBXFileReference; fileEncoding = 4; lastKnownFileType = file.xib; path = FileTVC.xib; sourceTree = "<group>"; };
		D02EAA4226CBCABE00CCD490 /* AudioTVC.xib */ = {isa = PBXFileReference; fileEncoding = 4; lastKnownFileType = file.xib; path = AudioTVC.xib; sourceTree = "<group>"; };
		D02EAA4326CBCABF00CCD490 /* AudioTVC.swift */ = {isa = PBXFileReference; fileEncoding = 4; lastKnownFileType = sourcecode.swift; path = AudioTVC.swift; sourceTree = "<group>"; };
		D02EAA4626CBCBA800CCD490 /* PulseButton.swift */ = {isa = PBXFileReference; fileEncoding = 4; lastKnownFileType = sourcecode.swift; path = PulseButton.swift; sourceTree = "<group>"; };
		D0386C2E26D7712C0050943B /* MessageData.swift */ = {isa = PBXFileReference; lastKnownFileType = sourcecode.swift; path = MessageData.swift; sourceTree = "<group>"; };
		D04D94FD26DE05D9000E88CB /* MessagePageDM.swift */ = {isa = PBXFileReference; lastKnownFileType = sourcecode.swift; path = MessagePageDM.swift; sourceTree = "<group>"; };
		D04D950126E5FFB1000E88CB /* MyRealm.swift */ = {isa = PBXFileReference; fileEncoding = 4; lastKnownFileType = sourcecode.swift; path = MyRealm.swift; sourceTree = "<group>"; };
		D058B0EF26DD03CF0049EE1C /* ChatPageDM.swift */ = {isa = PBXFileReference; lastKnownFileType = sourcecode.swift; path = ChatPageDM.swift; sourceTree = "<group>"; };
		D05E466126CB87BD00C98D5B /* TimerView.swift */ = {isa = PBXFileReference; fileEncoding = 4; lastKnownFileType = sourcecode.swift; path = TimerView.swift; sourceTree = "<group>"; };
		D05E466926CBA40900C98D5B /* DocumentVC.swift */ = {isa = PBXFileReference; lastKnownFileType = sourcecode.swift; path = DocumentVC.swift; sourceTree = "<group>"; };
		D05E466A26CBA40900C98D5B /* DocumentVC.xib */ = {isa = PBXFileReference; lastKnownFileType = file.xib; path = DocumentVC.xib; sourceTree = "<group>"; };
		D05E466D26CBC3B200C98D5B /* Extensions.swift */ = {isa = PBXFileReference; lastKnownFileType = sourcecode.swift; path = Extensions.swift; sourceTree = "<group>"; };
		D088F17B26DCB205008ADAFD /* ChatListVC.swift */ = {isa = PBXFileReference; lastKnownFileType = sourcecode.swift; path = ChatListVC.swift; sourceTree = "<group>"; };
		D088F17C26DCB205008ADAFD /* ChatListVC.xib */ = {isa = PBXFileReference; lastKnownFileType = file.xib; path = ChatListVC.xib; sourceTree = "<group>"; };
		D088F17F26DCB318008ADAFD /* ChatListTVC.swift */ = {isa = PBXFileReference; lastKnownFileType = sourcecode.swift; path = ChatListTVC.swift; sourceTree = "<group>"; };
		D088F18026DCB318008ADAFD /* ChatListTVC.xib */ = {isa = PBXFileReference; lastKnownFileType = file.xib; path = ChatListTVC.xib; sourceTree = "<group>"; };
		D088F18326DCF648008ADAFD /* Network.swift */ = {isa = PBXFileReference; fileEncoding = 4; lastKnownFileType = sourcecode.swift; path = Network.swift; sourceTree = "<group>"; };
		D088F18526DCF668008ADAFD /* Alert.swift */ = {isa = PBXFileReference; fileEncoding = 4; lastKnownFileType = sourcecode.swift; path = Alert.swift; sourceTree = "<group>"; };
		D088F18626DCF668008ADAFD /* Reachability.swift */ = {isa = PBXFileReference; fileEncoding = 4; lastKnownFileType = sourcecode.swift; path = Reachability.swift; sourceTree = "<group>"; };
		D088F18926DCF74A008ADAFD /* Keys.swift */ = {isa = PBXFileReference; fileEncoding = 4; lastKnownFileType = sourcecode.swift; path = Keys.swift; sourceTree = "<group>"; };
		D088F18B26DCF756008ADAFD /* AppData.swift */ = {isa = PBXFileReference; fileEncoding = 4; lastKnownFileType = sourcecode.swift; path = AppData.swift; sourceTree = "<group>"; };
		D088F18D26DCF7A0008ADAFD /* Cache.swift */ = {isa = PBXFileReference; fileEncoding = 4; lastKnownFileType = sourcecode.swift; path = Cache.swift; sourceTree = "<group>"; };
		D0A07CBF26C7985500BB9463 /* ImagePresentVC.swift */ = {isa = PBXFileReference; lastKnownFileType = sourcecode.swift; path = ImagePresentVC.swift; sourceTree = "<group>"; };
		D0A07CC026C7985500BB9463 /* ImagePresentVC.xib */ = {isa = PBXFileReference; lastKnownFileType = file.xib; path = ImagePresentVC.xib; sourceTree = "<group>"; };
		D0DC7E5426CCD1C10037F761 /* CloudKit.framework */ = {isa = PBXFileReference; lastKnownFileType = wrapper.framework; name = CloudKit.framework; path = System/Library/Frameworks/CloudKit.framework; sourceTree = SDKROOT; };
		D0DC7E5626CCF5CD0037F761 /* RecordBtn.swift */ = {isa = PBXFileReference; fileEncoding = 4; lastKnownFileType = sourcecode.swift; path = RecordBtn.swift; sourceTree = "<group>"; };
		D0EAA96B26C26CD000256412 /* Messenger.app */ = {isa = PBXFileReference; explicitFileType = wrapper.application; includeInIndex = 0; path = Messenger.app; sourceTree = BUILT_PRODUCTS_DIR; };
		D0EAA96E26C26CD000256412 /* AppDelegate.swift */ = {isa = PBXFileReference; lastKnownFileType = sourcecode.swift; path = AppDelegate.swift; sourceTree = "<group>"; };
		D0EAA97726C26CD800256412 /* Assets.xcassets */ = {isa = PBXFileReference; lastKnownFileType = folder.assetcatalog; path = Assets.xcassets; sourceTree = "<group>"; };
		D0EAA97A26C26CD800256412 /* Base */ = {isa = PBXFileReference; lastKnownFileType = file.storyboard; name = Base; path = Base.lproj/LaunchScreen.storyboard; sourceTree = "<group>"; };
		D0EAA97C26C26CD800256412 /* Info.plist */ = {isa = PBXFileReference; lastKnownFileType = text.plist.xml; path = Info.plist; sourceTree = "<group>"; };
		D0EAA98226C270B000256412 /* MessagesVC.swift */ = {isa = PBXFileReference; lastKnownFileType = sourcecode.swift; path = MessagesVC.swift; sourceTree = "<group>"; };
		D0EAA98326C270B000256412 /* MessagesVC.xib */ = {isa = PBXFileReference; lastKnownFileType = file.xib; path = MessagesVC.xib; sourceTree = "<group>"; };
		F62AFAF3D6480CCF8B9E1D01 /* Pods_Messenger.framework */ = {isa = PBXFileReference; explicitFileType = wrapper.framework; includeInIndex = 0; path = Pods_Messenger.framework; sourceTree = BUILT_PRODUCTS_DIR; };
/* End PBXFileReference section */

/* Begin PBXFrameworksBuildPhase section */
		D0EAA96826C26CD000256412 /* Frameworks */ = {
			isa = PBXFrameworksBuildPhase;
			buildActionMask = 2147483647;
			files = (
				D0DC7E5526CCD1C10037F761 /* CloudKit.framework in Frameworks */,
				4350205F79C08573FACE81DA /* Pods_Messenger.framework in Frameworks */,
			);
			runOnlyForDeploymentPostprocessing = 0;
		};
/* End PBXFrameworksBuildPhase section */

/* Begin PBXGroup section */
		D025845026C3973E00150352 /* TVC */ = {
			isa = PBXGroup;
			children = (
				D088F18026DCB318008ADAFD /* ChatListTVC.xib */,
				D025844D26C3971200150352 /* MessageTVC.xib */,
				D025845326C3E7BA00150352 /* PhotoTVC.xib */,
				D025845826C3FFC600150352 /* FileTVC.xib */,
				D02EAA4226CBCABE00CCD490 /* AudioTVC.xib */,
			);
			path = TVC;
			sourceTree = "<group>";
		};
		D025845126C3975300150352 /* TVC */ = {
			isa = PBXGroup;
			children = (
				D088F17F26DCB318008ADAFD /* ChatListTVC.swift */,
				D025844C26C3971200150352 /* MessageTVC.swift */,
				D025845226C3E7BA00150352 /* PhotoTVC.swift */,
				D025845626C3FFB400150352 /* FileTVC.swift */,
				D02EAA4326CBCABF00CCD490 /* AudioTVC.swift */,
			);
			path = TVC;
			sourceTree = "<group>";
		};
		D0DC7E5326CCD1C10037F761 /* Frameworks */ = {
			isa = PBXGroup;
			children = (
				D0DC7E5426CCD1C10037F761 /* CloudKit.framework */,
				F62AFAF3D6480CCF8B9E1D01 /* Pods_Messenger.framework */,
			);
			name = Frameworks;
			sourceTree = "<group>";
		};
		D0EAA96226C26CD000256412 = {
			isa = PBXGroup;
			children = (
				D0EAA96D26C26CD000256412 /* Messenger */,
				D0EAA96C26C26CD000256412 /* Products */,
				D0DC7E5326CCD1C10037F761 /* Frameworks */,
				D954604B5FF9516C4DEA8076 /* Pods */,
			);
			sourceTree = "<group>";
		};
		D0EAA96C26C26CD000256412 /* Products */ = {
			isa = PBXGroup;
			children = (
				D0EAA96B26C26CD000256412 /* Messenger.app */,
			);
			name = Products;
			sourceTree = "<group>";
		};
		D0EAA96D26C26CD000256412 /* Messenger */ = {
			isa = PBXGroup;
			children = (
				D0EAA96E26C26CD000256412 /* AppDelegate.swift */,
				D0EAA98926C270D400256412 /* Helpers */,
				D0EAA98626C270BA00256412 /* Model */,
				D0EAA98726C270C700256412 /* View */,
				D0EAA98826C270CC00256412 /* Controller */,
				D0EAA97726C26CD800256412 /* Assets.xcassets */,
				D0EAA97C26C26CD800256412 /* Info.plist */,
			);
			path = Messenger;
			sourceTree = "<group>";
		};
		D0EAA98626C270BA00256412 /* Model */ = {
			isa = PBXGroup;
			children = (
				D0DC7E5626CCF5CD0037F761 /* RecordBtn.swift */,
				D0386C2E26D7712C0050943B /* MessageData.swift */,
				D058B0EF26DD03CF0049EE1C /* ChatPageDM.swift */,
				D04D94FD26DE05D9000E88CB /* MessagePageDM.swift */,
			);
			path = Model;
			sourceTree = "<group>";
		};
		D0EAA98726C270C700256412 /* View */ = {
			isa = PBXGroup;
			children = (
				D025845026C3973E00150352 /* TVC */,
				D088F17C26DCB205008ADAFD /* ChatListVC.xib */,
				D0EAA98326C270B000256412 /* MessagesVC.xib */,
				D0A07CC026C7985500BB9463 /* ImagePresentVC.xib */,
				D05E466A26CBA40900C98D5B /* DocumentVC.xib */,
				D0EAA97926C26CD800256412 /* LaunchScreen.storyboard */,
			);
			path = View;
			sourceTree = "<group>";
		};
		D0EAA98826C270CC00256412 /* Controller */ = {
			isa = PBXGroup;
			children = (
				D025845126C3975300150352 /* TVC */,
				D088F17B26DCB205008ADAFD /* ChatListVC.swift */,
				D0EAA98226C270B000256412 /* MessagesVC.swift */,
				D0A07CBF26C7985500BB9463 /* ImagePresentVC.swift */,
				D05E466926CBA40900C98D5B /* DocumentVC.swift */,
			);
			path = Controller;
			sourceTree = "<group>";
		};
		D0EAA98926C270D400256412 /* Helpers */ = {
			isa = PBXGroup;
			children = (
				D04D950126E5FFB1000E88CB /* MyRealm.swift */,
				D05E466D26CBC3B200C98D5B /* Extensions.swift */,
				D088F18626DCF668008ADAFD /* Reachability.swift */,
				D088F18526DCF668008ADAFD /* Alert.swift */,
				D088F18926DCF74A008ADAFD /* Keys.swift */,
				D088F18326DCF648008ADAFD /* Network.swift */,
				D088F18D26DCF7A0008ADAFD /* Cache.swift */,
				D088F18B26DCF756008ADAFD /* AppData.swift */,
				D05E466126CB87BD00C98D5B /* TimerView.swift */,
				D02EAA4626CBCBA800CCD490 /* PulseButton.swift */,
			);
			path = Helpers;
			sourceTree = "<group>";
		};
		D954604B5FF9516C4DEA8076 /* Pods */ = {
			isa = PBXGroup;
			children = (
				C83969AC0D508FC6E8BD31C1 /* Pods-Messenger.debug.xcconfig */,
				246F5EF44F8731F69B5CED55 /* Pods-Messenger.release.xcconfig */,
			);
			path = Pods;
			sourceTree = "<group>";
		};
/* End PBXGroup section */

/* Begin PBXNativeTarget section */
		D0EAA96A26C26CD000256412 /* Messenger */ = {
			isa = PBXNativeTarget;
			buildConfigurationList = D0EAA97F26C26CD800256412 /* Build configuration list for PBXNativeTarget "Messenger" */;
			buildPhases = (
				3DDFE6EA7E6AC203FE3F013F /* [CP] Check Pods Manifest.lock */,
				D0EAA96726C26CD000256412 /* Sources */,
				D0EAA96826C26CD000256412 /* Frameworks */,
				D0EAA96926C26CD000256412 /* Resources */,
				CEB3D9F73F12537EADF1B125 /* [CP] Embed Pods Frameworks */,
			);
			buildRules = (
			);
			dependencies = (
			);
			name = Messenger;
			productName = Messenger;
			productReference = D0EAA96B26C26CD000256412 /* Messenger.app */;
			productType = "com.apple.product-type.application";
		};
/* End PBXNativeTarget section */

/* Begin PBXProject section */
		D0EAA96326C26CD000256412 /* Project object */ = {
			isa = PBXProject;
			attributes = {
				LastSwiftUpdateCheck = 1250;
				LastUpgradeCheck = 1250;
				TargetAttributes = {
					D0EAA96A26C26CD000256412 = {
						CreatedOnToolsVersion = 12.5.1;
					};
				};
			};
			buildConfigurationList = D0EAA96626C26CD000256412 /* Build configuration list for PBXProject "Messenger" */;
			compatibilityVersion = "Xcode 9.3";
			developmentRegion = en;
			hasScannedForEncodings = 0;
			knownRegions = (
				en,
				Base,
			);
			mainGroup = D0EAA96226C26CD000256412;
			productRefGroup = D0EAA96C26C26CD000256412 /* Products */;
			projectDirPath = "";
			projectRoot = "";
			targets = (
				D0EAA96A26C26CD000256412 /* Messenger */,
			);
		};
/* End PBXProject section */

/* Begin PBXResourcesBuildPhase section */
		D0EAA96926C26CD000256412 /* Resources */ = {
			isa = PBXResourcesBuildPhase;
			buildActionMask = 2147483647;
			files = (
				D088F17E26DCB205008ADAFD /* ChatListVC.xib in Resources */,
				D0A07CC226C7985500BB9463 /* ImagePresentVC.xib in Resources */,
				D0EAA98526C270B000256412 /* MessagesVC.xib in Resources */,
				D02EAA4426CBCABF00CCD490 /* AudioTVC.xib in Resources */,
				D025845526C3E7BA00150352 /* PhotoTVC.xib in Resources */,
				D025844F26C3971200150352 /* MessageTVC.xib in Resources */,
				D088F18226DCB318008ADAFD /* ChatListTVC.xib in Resources */,
				D025845926C3FFC600150352 /* FileTVC.xib in Resources */,
				D05E466C26CBA40900C98D5B /* DocumentVC.xib in Resources */,
				D0EAA97B26C26CD800256412 /* LaunchScreen.storyboard in Resources */,
				D0EAA97826C26CD800256412 /* Assets.xcassets in Resources */,
			);
			runOnlyForDeploymentPostprocessing = 0;
		};
/* End PBXResourcesBuildPhase section */

/* Begin PBXShellScriptBuildPhase section */
		3DDFE6EA7E6AC203FE3F013F /* [CP] Check Pods Manifest.lock */ = {
			isa = PBXShellScriptBuildPhase;
			buildActionMask = 2147483647;
			files = (
			);
			inputFileListPaths = (
			);
			inputPaths = (
				"${PODS_PODFILE_DIR_PATH}/Podfile.lock",
				"${PODS_ROOT}/Manifest.lock",
			);
			name = "[CP] Check Pods Manifest.lock";
			outputFileListPaths = (
			);
			outputPaths = (
				"$(DERIVED_FILE_DIR)/Pods-Messenger-checkManifestLockResult.txt",
			);
			runOnlyForDeploymentPostprocessing = 0;
			shellPath = /bin/sh;
			shellScript = "diff \"${PODS_PODFILE_DIR_PATH}/Podfile.lock\" \"${PODS_ROOT}/Manifest.lock\" > /dev/null\nif [ $? != 0 ] ; then\n    # print error to STDERR\n    echo \"error: The sandbox is not in sync with the Podfile.lock. Run 'pod install' or update your CocoaPods installation.\" >&2\n    exit 1\nfi\n# This output is used by Xcode 'outputs' to avoid re-running this script phase.\necho \"SUCCESS\" > \"${SCRIPT_OUTPUT_FILE_0}\"\n";
			showEnvVarsInLog = 0;
		};
		CEB3D9F73F12537EADF1B125 /* [CP] Embed Pods Frameworks */ = {
			isa = PBXShellScriptBuildPhase;
			buildActionMask = 2147483647;
			files = (
			);
			inputFileListPaths = (
				"${PODS_ROOT}/Target Support Files/Pods-Messenger/Pods-Messenger-frameworks-${CONFIGURATION}-input-files.xcfilelist",
			);
			name = "[CP] Embed Pods Frameworks";
			outputFileListPaths = (
				"${PODS_ROOT}/Target Support Files/Pods-Messenger/Pods-Messenger-frameworks-${CONFIGURATION}-output-files.xcfilelist",
			);
			runOnlyForDeploymentPostprocessing = 0;
			shellPath = /bin/sh;
			shellScript = "\"${PODS_ROOT}/Target Support Files/Pods-Messenger/Pods-Messenger-frameworks.sh\"\n";
			showEnvVarsInLog = 0;
		};
/* End PBXShellScriptBuildPhase section */

/* Begin PBXSourcesBuildPhase section */
		D0EAA96726C26CD000256412 /* Sources */ = {
			isa = PBXSourcesBuildPhase;
			buildActionMask = 2147483647;
			files = (
				D05E466226CB87BD00C98D5B /* TimerView.swift in Sources */,
				D05E466E26CBC3B200C98D5B /* Extensions.swift in Sources */,
				D088F18426DCF648008ADAFD /* Network.swift in Sources */,
				D088F18726DCF668008ADAFD /* Alert.swift in Sources */,
				D088F17D26DCB205008ADAFD /* ChatListVC.swift in Sources */,
				D0A07CC126C7985500BB9463 /* ImagePresentVC.swift in Sources */,
				D088F18A26DCF74A008ADAFD /* Keys.swift in Sources */,
				D088F18E26DCF7A0008ADAFD /* Cache.swift in Sources */,
				D025845726C3FFB400150352 /* FileTVC.swift in Sources */,
				D02EAA4526CBCABF00CCD490 /* AudioTVC.swift in Sources */,
				D0DC7E5726CCF5CD0037F761 /* RecordBtn.swift in Sources */,
				D088F18126DCB318008ADAFD /* ChatListTVC.swift in Sources */,
				D02EAA4726CBCBA800CCD490 /* PulseButton.swift in Sources */,
				D05E466B26CBA40900C98D5B /* DocumentVC.swift in Sources */,
				D04D94FE26DE05D9000E88CB /* MessagePageDM.swift in Sources */,
				D025845426C3E7BA00150352 /* PhotoTVC.swift in Sources */,
				D025844E26C3971200150352 /* MessageTVC.swift in Sources */,
				D088F18826DCF668008ADAFD /* Reachability.swift in Sources */,
				D058B0F026DD03CF0049EE1C /* ChatPageDM.swift in Sources */,
				D0EAA96F26C26CD000256412 /* AppDelegate.swift in Sources */,
				D0EAA98426C270B000256412 /* MessagesVC.swift in Sources */,
				D0386C2F26D7712C0050943B /* MessageData.swift in Sources */,
				D088F18C26DCF756008ADAFD /* AppData.swift in Sources */,
				D04D950226E5FFB1000E88CB /* MyRealm.swift in Sources */,
			);
			runOnlyForDeploymentPostprocessing = 0;
		};
/* End PBXSourcesBuildPhase section */

/* Begin PBXVariantGroup section */
		D0EAA97926C26CD800256412 /* LaunchScreen.storyboard */ = {
			isa = PBXVariantGroup;
			children = (
				D0EAA97A26C26CD800256412 /* Base */,
			);
			name = LaunchScreen.storyboard;
			sourceTree = "<group>";
		};
/* End PBXVariantGroup section */

/* Begin XCBuildConfiguration section */
		D0EAA97D26C26CD800256412 /* Debug */ = {
			isa = XCBuildConfiguration;
			buildSettings = {
				ALWAYS_SEARCH_USER_PATHS = NO;
				CLANG_ANALYZER_NONNULL = YES;
				CLANG_ANALYZER_NUMBER_OBJECT_CONVERSION = YES_AGGRESSIVE;
				CLANG_CXX_LANGUAGE_STANDARD = "gnu++14";
				CLANG_CXX_LIBRARY = "libc++";
				CLANG_ENABLE_MODULES = YES;
				CLANG_ENABLE_OBJC_ARC = YES;
				CLANG_ENABLE_OBJC_WEAK = YES;
				CLANG_WARN_BLOCK_CAPTURE_AUTORELEASING = YES;
				CLANG_WARN_BOOL_CONVERSION = YES;
				CLANG_WARN_COMMA = YES;
				CLANG_WARN_CONSTANT_CONVERSION = YES;
				CLANG_WARN_DEPRECATED_OBJC_IMPLEMENTATIONS = YES;
				CLANG_WARN_DIRECT_OBJC_ISA_USAGE = YES_ERROR;
				CLANG_WARN_DOCUMENTATION_COMMENTS = YES;
				CLANG_WARN_EMPTY_BODY = YES;
				CLANG_WARN_ENUM_CONVERSION = YES;
				CLANG_WARN_INFINITE_RECURSION = YES;
				CLANG_WARN_INT_CONVERSION = YES;
				CLANG_WARN_NON_LITERAL_NULL_CONVERSION = YES;
				CLANG_WARN_OBJC_IMPLICIT_RETAIN_SELF = YES;
				CLANG_WARN_OBJC_LITERAL_CONVERSION = YES;
				CLANG_WARN_OBJC_ROOT_CLASS = YES_ERROR;
				CLANG_WARN_QUOTED_INCLUDE_IN_FRAMEWORK_HEADER = YES;
				CLANG_WARN_RANGE_LOOP_ANALYSIS = YES;
				CLANG_WARN_STRICT_PROTOTYPES = YES;
				CLANG_WARN_SUSPICIOUS_MOVE = YES;
				CLANG_WARN_UNGUARDED_AVAILABILITY = YES_AGGRESSIVE;
				CLANG_WARN_UNREACHABLE_CODE = YES;
				CLANG_WARN__DUPLICATE_METHOD_MATCH = YES;
				COPY_PHASE_STRIP = NO;
				DEBUG_INFORMATION_FORMAT = dwarf;
				ENABLE_STRICT_OBJC_MSGSEND = YES;
				ENABLE_TESTABILITY = YES;
				GCC_C_LANGUAGE_STANDARD = gnu11;
				GCC_DYNAMIC_NO_PIC = NO;
				GCC_NO_COMMON_BLOCKS = YES;
				GCC_OPTIMIZATION_LEVEL = 0;
				GCC_PREPROCESSOR_DEFINITIONS = (
					"DEBUG=1",
					"$(inherited)",
				);
				GCC_WARN_64_TO_32_BIT_CONVERSION = YES;
				GCC_WARN_ABOUT_RETURN_TYPE = YES_ERROR;
				GCC_WARN_UNDECLARED_SELECTOR = YES;
				GCC_WARN_UNINITIALIZED_AUTOS = YES_AGGRESSIVE;
				GCC_WARN_UNUSED_FUNCTION = YES;
				GCC_WARN_UNUSED_VARIABLE = YES;
				IPHONEOS_DEPLOYMENT_TARGET = 12.1;
				MTL_ENABLE_DEBUG_INFO = INCLUDE_SOURCE;
				MTL_FAST_MATH = YES;
				ONLY_ACTIVE_ARCH = YES;
				SDKROOT = iphoneos;
				SWIFT_ACTIVE_COMPILATION_CONDITIONS = DEBUG;
				SWIFT_OPTIMIZATION_LEVEL = "-Onone";
			};
			name = Debug;
		};
		D0EAA97E26C26CD800256412 /* Release */ = {
			isa = XCBuildConfiguration;
			buildSettings = {
				ALWAYS_SEARCH_USER_PATHS = NO;
				CLANG_ANALYZER_NONNULL = YES;
				CLANG_ANALYZER_NUMBER_OBJECT_CONVERSION = YES_AGGRESSIVE;
				CLANG_CXX_LANGUAGE_STANDARD = "gnu++14";
				CLANG_CXX_LIBRARY = "libc++";
				CLANG_ENABLE_MODULES = YES;
				CLANG_ENABLE_OBJC_ARC = YES;
				CLANG_ENABLE_OBJC_WEAK = YES;
				CLANG_WARN_BLOCK_CAPTURE_AUTORELEASING = YES;
				CLANG_WARN_BOOL_CONVERSION = YES;
				CLANG_WARN_COMMA = YES;
				CLANG_WARN_CONSTANT_CONVERSION = YES;
				CLANG_WARN_DEPRECATED_OBJC_IMPLEMENTATIONS = YES;
				CLANG_WARN_DIRECT_OBJC_ISA_USAGE = YES_ERROR;
				CLANG_WARN_DOCUMENTATION_COMMENTS = YES;
				CLANG_WARN_EMPTY_BODY = YES;
				CLANG_WARN_ENUM_CONVERSION = YES;
				CLANG_WARN_INFINITE_RECURSION = YES;
				CLANG_WARN_INT_CONVERSION = YES;
				CLANG_WARN_NON_LITERAL_NULL_CONVERSION = YES;
				CLANG_WARN_OBJC_IMPLICIT_RETAIN_SELF = YES;
				CLANG_WARN_OBJC_LITERAL_CONVERSION = YES;
				CLANG_WARN_OBJC_ROOT_CLASS = YES_ERROR;
				CLANG_WARN_QUOTED_INCLUDE_IN_FRAMEWORK_HEADER = YES;
				CLANG_WARN_RANGE_LOOP_ANALYSIS = YES;
				CLANG_WARN_STRICT_PROTOTYPES = YES;
				CLANG_WARN_SUSPICIOUS_MOVE = YES;
				CLANG_WARN_UNGUARDED_AVAILABILITY = YES_AGGRESSIVE;
				CLANG_WARN_UNREACHABLE_CODE = YES;
				CLANG_WARN__DUPLICATE_METHOD_MATCH = YES;
				COPY_PHASE_STRIP = NO;
				DEBUG_INFORMATION_FORMAT = "dwarf-with-dsym";
				ENABLE_NS_ASSERTIONS = NO;
				ENABLE_STRICT_OBJC_MSGSEND = YES;
				GCC_C_LANGUAGE_STANDARD = gnu11;
				GCC_NO_COMMON_BLOCKS = YES;
				GCC_WARN_64_TO_32_BIT_CONVERSION = YES;
				GCC_WARN_ABOUT_RETURN_TYPE = YES_ERROR;
				GCC_WARN_UNDECLARED_SELECTOR = YES;
				GCC_WARN_UNINITIALIZED_AUTOS = YES_AGGRESSIVE;
				GCC_WARN_UNUSED_FUNCTION = YES;
				GCC_WARN_UNUSED_VARIABLE = YES;
				IPHONEOS_DEPLOYMENT_TARGET = 12.1;
				MTL_ENABLE_DEBUG_INFO = NO;
				MTL_FAST_MATH = YES;
				SDKROOT = iphoneos;
				SWIFT_COMPILATION_MODE = wholemodule;
				SWIFT_OPTIMIZATION_LEVEL = "-O";
				VALIDATE_PRODUCT = YES;
			};
			name = Release;
		};
		D0EAA98026C26CD800256412 /* Debug */ = {
			isa = XCBuildConfiguration;
			baseConfigurationReference = C83969AC0D508FC6E8BD31C1 /* Pods-Messenger.debug.xcconfig */;
			buildSettings = {
				ASSETCATALOG_COMPILER_APPICON_NAME = AppIcon;
				ASSETCATALOG_COMPILER_GLOBAL_ACCENT_COLOR_NAME = AccentColor;
				CODE_SIGN_ENTITLEMENTS = Messenger/Messenger.entitlements;
				CODE_SIGN_STYLE = Automatic;
				DEVELOPMENT_TEAM = U23784U7DD;
				INFOPLIST_FILE = Messenger/Info.plist;
				IPHONEOS_DEPLOYMENT_TARGET = 12.1;
				LD_RUNPATH_SEARCH_PATHS = (
					"$(inherited)",
					"@executable_path/Frameworks",
				);
				PRODUCT_BUNDLE_IDENTIFIER = kh.Messenger1l;
				PRODUCT_NAME = "$(TARGET_NAME)";
				SWIFT_VERSION = 5.0;
				TARGETED_DEVICE_FAMILY = "1,2";
			};
			name = Debug;
		};
		D0EAA98126C26CD800256412 /* Release */ = {
			isa = XCBuildConfiguration;
			baseConfigurationReference = 246F5EF44F8731F69B5CED55 /* Pods-Messenger.release.xcconfig */;
			buildSettings = {
				ASSETCATALOG_COMPILER_APPICON_NAME = AppIcon;
				ASSETCATALOG_COMPILER_GLOBAL_ACCENT_COLOR_NAME = AccentColor;
				CODE_SIGN_ENTITLEMENTS = Messenger/Messenger.entitlements;
				CODE_SIGN_STYLE = Automatic;
				DEVELOPMENT_TEAM = U23784U7DD;
				INFOPLIST_FILE = Messenger/Info.plist;
				IPHONEOS_DEPLOYMENT_TARGET = 12.1;
				LD_RUNPATH_SEARCH_PATHS = (
					"$(inherited)",
					"@executable_path/Frameworks",
				);
				PRODUCT_BUNDLE_IDENTIFIER = kh.Messenger1l;
				PRODUCT_NAME = "$(TARGET_NAME)";
				SWIFT_VERSION = 5.0;
				TARGETED_DEVICE_FAMILY = "1,2";
			};
			name = Release;
		};
/* End XCBuildConfiguration section */

/* Begin XCConfigurationList section */
		D0EAA96626C26CD000256412 /* Build configuration list for PBXProject "Messenger" */ = {
			isa = XCConfigurationList;
			buildConfigurations = (
				D0EAA97D26C26CD800256412 /* Debug */,
				D0EAA97E26C26CD800256412 /* Release */,
			);
			defaultConfigurationIsVisible = 0;
			defaultConfigurationName = Release;
		};
		D0EAA97F26C26CD800256412 /* Build configuration list for PBXNativeTarget "Messenger" */ = {
			isa = XCConfigurationList;
			buildConfigurations = (
				D0EAA98026C26CD800256412 /* Debug */,
				D0EAA98126C26CD800256412 /* Release */,
			);
			defaultConfigurationIsVisible = 0;
			defaultConfigurationName = Release;
		};
/* End XCConfigurationList section */
	};
	rootObject = D0EAA96326C26CD000256412 /* Project object */;
}
